
Microsoft Visual Studio Solution File, Format Version 12.00
# Visual Studio Version 17
VisualStudioVersion = 17.9.34714.143
MinimumVisualStudioVersion = 10.0.40219.1
Project("{FAE04EC0-301F-11D3-BF4B-00C04F79EFBC}") = "netzplantool", "netzplantool\netzplantool.csproj", "{ABA501C2-D934-4F19-A239-521C06C46C5B}"
EndProject
Global
	GlobalSection(SolutionConfigurationPlatforms) = preSolution
		Debug|Any CPU = Debug|Any CPU
		Release|Any CPU = Release|Any CPU
	EndGlobalSection
	GlobalSection(ProjectConfigurationPlatforms) = postSolution
		{ABA501C2-D934-4F19-A239-521C06C46C5B}.Debug|Any CPU.ActiveCfg = Debug|Any CPU
		{ABA501C2-D934-4F19-A239-521C06C46C5B}.Debug|Any CPU.Build.0 = Debug|Any CPU
		{ABA501C2-D934-4F19-A239-521C06C46C5B}.Release|Any CPU.ActiveCfg = Release|Any CPU
		{ABA501C2-D934-4F19-A239-521C06C46C5B}.Release|Any CPU.Build.0 = Release|Any CPU
	EndGlobalSection
	GlobalSection(SolutionProperties) = preSolution
		HideSolutionNode = FALSE
	EndGlobalSection
	GlobalSection(ExtensibilityGlobals) = postSolution
		SolutionGuid = {D8766721-EB42-4EBC-A0C8-13FA1D3B2BB3}
	EndGlobalSection
EndGlobal
